
Microsoft Visual Studio Solution File, Format Version 12.00
# Visual Studio Version 17
VisualStudioVersion = 17.2.32602.215
MinimumVisualStudioVersion = 10.0.40219.1
Project("{9A19103F-16F7-4668-BE54-9A1E7A4F7556}") = "Digitalers-console1", "Digitalers-console1\Digitalers-console1.csproj", "{DA3AD523-F27E-4660-835C-3465D63173FC}"
EndProject
Project("{9A19103F-16F7-4668-BE54-9A1E7A4F7556}") = "Digitalers-console3", "Digitalers-console3\Digitalers-console3.csproj", "{3BDD9074-A336-4F39-AAC9-C114EF31BC1E}"
EndProject
Project("{9A19103F-16F7-4668-BE54-9A1E7A4F7556}") = "Digitalers-console2", "Digitalers-console2\Digitalers-console2.csproj", "{CD73C33E-1A70-4964-B49B-6F3FDDC4A050}"
EndProject
Project("{9A19103F-16F7-4668-BE54-9A1E7A4F7556}") = "Digitalers-console4", "Digitalers-console4\Digitalers-console4.csproj", "{15534FC4-EB3A-4EF4-B079-CC56076D6732}"
EndProject
Project("{FAE04EC0-301F-11D3-BF4B-00C04F79EFBC}") = "Digitalers-Console5", "Digitalers-Console5\Digitalers-Console5.csproj", "{6E0E790F-A0C6-4BFA-8F84-9400090A2304}"
EndProject
Global
	GlobalSection(SolutionConfigurationPlatforms) = preSolution
		Debug|Any CPU = Debug|Any CPU
		Release|Any CPU = Release|Any CPU
	EndGlobalSection
	GlobalSection(ProjectConfigurationPlatforms) = postSolution
		{DA3AD523-F27E-4660-835C-3465D63173FC}.Debug|Any CPU.ActiveCfg = Debug|Any CPU
		{DA3AD523-F27E-4660-835C-3465D63173FC}.Debug|Any CPU.Build.0 = Debug|Any CPU
		{DA3AD523-F27E-4660-835C-3465D63173FC}.Release|Any CPU.ActiveCfg = Release|Any CPU
		{DA3AD523-F27E-4660-835C-3465D63173FC}.Release|Any CPU.Build.0 = Release|Any CPU
		{3BDD9074-A336-4F39-AAC9-C114EF31BC1E}.Debug|Any CPU.ActiveCfg = Debug|Any CPU
		{3BDD9074-A336-4F39-AAC9-C114EF31BC1E}.Debug|Any CPU.Build.0 = Debug|Any CPU
		{3BDD9074-A336-4F39-AAC9-C114EF31BC1E}.Release|Any CPU.ActiveCfg = Release|Any CPU
		{3BDD9074-A336-4F39-AAC9-C114EF31BC1E}.Release|Any CPU.Build.0 = Release|Any CPU
		{CD73C33E-1A70-4964-B49B-6F3FDDC4A050}.Debug|Any CPU.ActiveCfg = Debug|Any CPU
		{CD73C33E-1A70-4964-B49B-6F3FDDC4A050}.Debug|Any CPU.Build.0 = Debug|Any CPU
		{CD73C33E-1A70-4964-B49B-6F3FDDC4A050}.Release|Any CPU.ActiveCfg = Release|Any CPU
		{CD73C33E-1A70-4964-B49B-6F3FDDC4A050}.Release|Any CPU.Build.0 = Release|Any CPU
		{15534FC4-EB3A-4EF4-B079-CC56076D6732}.Debug|Any CPU.ActiveCfg = Debug|Any CPU
		{15534FC4-EB3A-4EF4-B079-CC56076D6732}.Debug|Any CPU.Build.0 = Debug|Any CPU
		{15534FC4-EB3A-4EF4-B079-CC56076D6732}.Release|Any CPU.ActiveCfg = Release|Any CPU
		{15534FC4-EB3A-4EF4-B079-CC56076D6732}.Release|Any CPU.Build.0 = Release|Any CPU
		{6E0E790F-A0C6-4BFA-8F84-9400090A2304}.Debug|Any CPU.ActiveCfg = Debug|Any CPU
		{6E0E790F-A0C6-4BFA-8F84-9400090A2304}.Debug|Any CPU.Build.0 = Debug|Any CPU
		{6E0E790F-A0C6-4BFA-8F84-9400090A2304}.Release|Any CPU.ActiveCfg = Release|Any CPU
		{6E0E790F-A0C6-4BFA-8F84-9400090A2304}.Release|Any CPU.Build.0 = Release|Any CPU
	EndGlobalSection
	GlobalSection(SolutionProperties) = preSolution
		HideSolutionNode = FALSE
	EndGlobalSection
	GlobalSection(ExtensibilityGlobals) = postSolution
		SolutionGuid = {154F0D32-669A-4BE3-A26F-3FFC07BDF442}
	EndGlobalSection
EndGlobal
